// !$*UTF8*$!
{
	archiveVersion = 1;
	classes = {
	};
	objectVersion = 50;
	objects = {

/* Begin PBXBuildFile section */
		C2F118D525BCC92200985A44 /* AppDelegate.m in Sources */ = {isa = PBXBuildFile; fileRef = C2F118D425BCC92200985A44 /* AppDelegate.m */; };
		C2F118D825BCC92200985A44 /* SceneDelegate.m in Sources */ = {isa = PBXBuildFile; fileRef = C2F118D725BCC92200985A44 /* SceneDelegate.m */; };
		C2F118DB25BCC92200985A44 /* ViewController.m in Sources */ = {isa = PBXBuildFile; fileRef = C2F118DA25BCC92200985A44 /* ViewController.m */; };
		C2F118DE25BCC92200985A44 /* Main.storyboard in Resources */ = {isa = PBXBuildFile; fileRef = C2F118DC25BCC92200985A44 /* Main.storyboard */; };
		C2F118E025BCC92500985A44 /* Assets.xcassets in Resources */ = {isa = PBXBuildFile; fileRef = C2F118DF25BCC92500985A44 /* Assets.xcassets */; };
		C2F118E325BCC92500985A44 /* LaunchScreen.storyboard in Resources */ = {isa = PBXBuildFile; fileRef = C2F118E125BCC92500985A44 /* LaunchScreen.storyboard */; };
		C2F118E625BCC92500985A44 /* main.m in Sources */ = {isa = PBXBuildFile; fileRef = C2F118E525BCC92500985A44 /* main.m */; };
/* End PBXBuildFile section */

/* Begin PBXFileReference section */
		C2F118D025BCC92200985A44 /* TomorrowsApp.app */ = {isa = PBXFileReference; explicitFileType = wrapper.application; includeInIndex = 0; path = TomorrowsApp.app; sourceTree = BUILT_PRODUCTS_DIR; };
		C2F118D325BCC92200985A44 /* AppDelegate.h */ = {isa = PBXFileReference; lastKnownFileType = sourcecode.c.h; path = AppDelegate.h; sourceTree = "<group>"; };
		C2F118D425BCC92200985A44 /* AppDelegate.m */ = {isa = PBXFileReference; lastKnownFileType = sourcecode.c.objc; path = AppDelegate.m; sourceTree = "<group>"; };
		C2F118D625BCC92200985A44 /* SceneDelegate.h */ = {isa = PBXFileReference; lastKnownFileType = sourcecode.c.h; path = SceneDelegate.h; sourceTree = "<group>"; };
		C2F118D725BCC92200985A44 /* SceneDelegate.m */ = {isa = PBXFileReference; lastKnownFileType = sourcecode.c.objc; path = SceneDelegate.m; sourceTree = "<group>"; };
		C2F118D925BCC92200985A44 /* ViewController.h */ = {isa = PBXFileReference; lastKnownFileType = sourcecode.c.h; path = ViewController.h; sourceTree = "<group>"; };
		C2F118DA25BCC92200985A44 /* ViewController.m */ = {isa = PBXFileReference; lastKnownFileType = sourcecode.c.objc; path = ViewController.m; sourceTree = "<group>"; };
		C2F118DD25BCC92200985A44 /* Base */ = {isa = PBXFileReference; lastKnownFileType = file.storyboard; name = Base; path = Base.lproj/Main.storyboard; sourceTree = "<group>"; };
		C2F118DF25BCC92500985A44 /* Assets.xcassets */ = {isa = PBXFileReference; lastKnownFileType = folder.assetcatalog; path = Assets.xcassets; sourceTree = "<group>"; };
		C2F118E225BCC92500985A44 /* Base */ = {isa = PBXFileReference; lastKnownFileType = file.storyboard; name = Base; path = Base.lproj/LaunchScreen.storyboard; sourceTree = "<group>"; };
		C2F118E425BCC92500985A44 /* Info.plist */ = {isa = PBXFileReference; lastKnownFileType = text.plist.xml; path = Info.plist; sourceTree = "<group>"; };
		C2F118E525BCC92500985A44 /* main.m */ = {isa = PBXFileReference; lastKnownFileType = sourcecode.c.objc; path = main.m; sourceTree = "<group>"; };
/* End PBXFileReference section */

/* Begin PBXFrameworksBuildPhase section */
		C2F118CD25BCC92200985A44 /* Frameworks */ = {
			isa = PBXFrameworksBuildPhase;
			buildActionMask = 2147483647;
			files = (
			);
			runOnlyForDeploymentPostprocessing = 0;
		};
/* End PBXFrameworksBuildPhase section */

/* Begin PBXGroup section */
		C2F118C725BCC92200985A44 = {
			isa = PBXGroup;
			children = (
				C2F118D225BCC92200985A44 /* TomorrowsApp */,
				C2F118D125BCC92200985A44 /* Products */,
			);
			sourceTree = "<group>";
		};
		C2F118D125BCC92200985A44 /* Products */ = {
			isa = PBXGroup;
			children = (
				C2F118D025BCC92200985A44 /* TomorrowsApp.app */,
			);
			name = Products;
			sourceTree = "<group>";
		};
		C2F118D225BCC92200985A44 /* TomorrowsApp */ = {
			isa = PBXGroup;
			children = (
				C2F118D325BCC92200985A44 /* AppDelegate.h */,
				C2F118D425BCC92200985A44 /* AppDelegate.m */,
				C2F118D625BCC92200985A44 /* SceneDelegate.h */,
				C2F118D725BCC92200985A44 /* SceneDelegate.m */,
				C2F118D925BCC92200985A44 /* ViewController.h */,
				C2F118DA25BCC92200985A44 /* ViewController.m */,
				C2F118DC25BCC92200985A44 /* Main.storyboard */,
				C2F118DF25BCC92500985A44 /* Assets.xcassets */,
				C2F118E125BCC92500985A44 /* LaunchScreen.storyboard */,
				C2F118E425BCC92500985A44 /* Info.plist */,
				C2F118E525BCC92500985A44 /* main.m */,
			);
			path = TomorrowsApp;
			sourceTree = "<group>";
		};
/* End PBXGroup section */

/* Begin PBXNativeTarget section */
		C2F118CF25BCC92200985A44 /* TomorrowsApp */ = {
			isa = PBXNativeTarget;
			buildConfigurationList = C2F118E925BCC92500985A44 /* Build configuration list for PBXNativeTarget "TomorrowsApp" */;
			buildPhases = (
				C2F118CC25BCC92200985A44 /* Sources */,
				C2F118CD25BCC92200985A44 /* Frameworks */,
				C2F118CE25BCC92200985A44 /* Resources */,
			);
			buildRules = (
			);
			dependencies = (
			);
			name = TomorrowsApp;
			productName = TomorrowsApp;
			productReference = C2F118D025BCC92200985A44 /* TomorrowsApp.app */;
			productType = "com.apple.product-type.application";
		};
/* End PBXNativeTarget section */

/* Begin PBXProject section */
		C2F118C825BCC92200985A44 /* Project object */ = {
			isa = PBXProject;
			attributes = {
				LastUpgradeCheck = 1200;
				TargetAttributes = {
					C2F118CF25BCC92200985A44 = {
						CreatedOnToolsVersion = 12.0.1;
					};
				};
			};
			buildConfigurationList = C2F118CB25BCC92200985A44 /* Build configuration list for PBXProject "TomorrowsApp" */;
			compatibilityVersion = "Xcode 9.3";
			developmentRegion = en;
			hasScannedForEncodings = 0;
			knownRegions = (
				en,
				Base,
			);
			mainGroup = C2F118C725BCC92200985A44;
			productRefGroup = C2F118D125BCC92200985A44 /* Products */;
			projectDirPath = "";
			projectRoot = "";
			targets = (
				C2F118CF25BCC92200985A44 /* TomorrowsApp */,
			);
		};
/* End PBXProject section */

/* Begin PBXResourcesBuildPhase section */
		C2F118CE25BCC92200985A44 /* Resources */ = {
			isa = PBXResourcesBuildPhase;
			buildActionMask = 2147483647;
			files = (
				C2F118E325BCC92500985A44 /* LaunchScreen.storyboard in Resources */,
				C2F118E025BCC92500985A44 /* Assets.xcassets in Resources */,
				C2F118DE25BCC92200985A44 /* Main.storyboard in Resources */,
			);
			runOnlyForDeploymentPostprocessing = 0;
		};
/* End PBXResourcesBuildPhase section */

/* Begin PBXSourcesBuildPhase section */
		C2F118CC25BCC92200985A44 /* Sources */ = {
			isa = PBXSourcesBuildPhase;
			buildActionMask = 2147483647;
			files = (
				C2F118DB25BCC92200985A44 /* ViewController.m in Sources */,
				C2F118D525BCC92200985A44 /* AppDelegate.m in Sources */,
				C2F118E625BCC92500985A44 /* main.m in Sources */,
				C2F118D825BCC92200985A44 /* SceneDelegate.m in Sources */,
			);
			runOnlyForDeploymentPostprocessing = 0;
		};
/* End PBXSourcesBuildPhase section */

/* Begin PBXVariantGroup section */
		C2F118DC25BCC92200985A44 /* Main.storyboard */ = {
			isa = PBXVariantGroup;
			children = (
				C2F118DD25BCC92200985A44 /* Base */,
			);
			name = Main.storyboard;
			sourceTree = "<group>";
		};
		C2F118E125BCC92500985A44 /* LaunchScreen.storyboard */ = {
			isa = PBXVariantGroup;
			children = (
				C2F118E225BCC92500985A44 /* Base */,
			);
			name = LaunchScreen.storyboard;
			sourceTree = "<group>";
		};
/* End PBXVariantGroup section */

/* Begin XCBuildConfiguration section */
		C2F118E725BCC92500985A44 /* Debug */ = {
			isa = XCBuildConfiguration;
			buildSettings = {
				ALWAYS_SEARCH_USER_PATHS = NO;
				CLANG_ANALYZER_NONNULL = YES;
				CLANG_ANALYZER_NUMBER_OBJECT_CONVERSION = YES_AGGRESSIVE;
				CLANG_CXX_LANGUAGE_STANDARD = "gnu++14";
				CLANG_CXX_LIBRARY = "libc++";
				CLANG_ENABLE_MODULES = YES;
				CLANG_ENABLE_OBJC_ARC = YES;
				CLANG_ENABLE_OBJC_WEAK = YES;
				CLANG_WARN_BLOCK_CAPTURE_AUTORELEASING = YES;
				CLANG_WARN_BOOL_CONVERSION = YES;
				CLANG_WARN_COMMA = YES;
				CLANG_WARN_CONSTANT_CONVERSION = YES;
				CLANG_WARN_DEPRECATED_OBJC_IMPLEMENTATIONS = YES;
				CLANG_WARN_DIRECT_OBJC_ISA_USAGE = YES_ERROR;
				CLANG_WARN_DOCUMENTATION_COMMENTS = YES;
				CLANG_WARN_EMPTY_BODY = YES;
				CLANG_WARN_ENUM_CONVERSION = YES;
				CLANG_WARN_INFINITE_RECURSION = YES;
				CLANG_WARN_INT_CONVERSION = YES;
				CLANG_WARN_NON_LITERAL_NULL_CONVERSION = YES;
				CLANG_WARN_OBJC_IMPLICIT_RETAIN_SELF = YES;
				CLANG_WARN_OBJC_LITERAL_CONVERSION = YES;
				CLANG_WARN_OBJC_ROOT_CLASS = YES_ERROR;
				CLANG_WARN_QUOTED_INCLUDE_IN_FRAMEWORK_HEADER = YES;
				CLANG_WARN_RANGE_LOOP_ANALYSIS = YES;
				CLANG_WARN_STRICT_PROTOTYPES = YES;
				CLANG_WARN_SUSPICIOUS_MOVE = YES;
				CLANG_WARN_UNGUARDED_AVAILABILITY = YES_AGGRESSIVE;
				CLANG_WARN_UNREACHABLE_CODE = YES;
				CLANG_WARN__DUPLICATE_METHOD_MATCH = YES;
				COPY_PHASE_STRIP = NO;
				DEBUG_INFORMATION_FORMAT = dwarf;
				ENABLE_STRICT_OBJC_MSGSEND = YES;
				ENABLE_TESTABILITY = YES;
				GCC_C_LANGUAGE_STANDARD = gnu11;
				GCC_DYNAMIC_NO_PIC = NO;
				GCC_NO_COMMON_BLOCKS = YES;
				GCC_OPTIMIZATION_LEVEL = 0;
				GCC_PREPROCESSOR_DEFINITIONS = (
					"DEBUG=1",
					"$(inherited)",
				);
				GCC_WARN_64_TO_32_BIT_CONVERSION = YES;
				GCC_WARN_ABOUT_RETURN_TYPE = YES_ERROR;
				GCC_WARN_UNDECLARED_SELECTOR = YES;
				GCC_WARN_UNINITIALIZED_AUTOS = YES_AGGRESSIVE;
				GCC_WARN_UNUSED_FUNCTION = YES;
				GCC_WARN_UNUSED_VARIABLE = YES;
				IPHONEOS_DEPLOYMENT_TARGET = 14.0;
				MTL_ENABLE_DEBUG_INFO = INCLUDE_SOURCE;
				MTL_FAST_MATH = YES;
				ONLY_ACTIVE_ARCH = YES;
				SDKROOT = iphoneos;
			};
			name = Debug;
		};
		C2F118E825BCC92500985A44 /* Release */ = {
			isa = XCBuildConfiguration;
			buildSettings = {
				ALWAYS_SEARCH_USER_PATHS = NO;
				CLANG_ANALYZER_NONNULL = YES;
				CLANG_ANALYZER_NUMBER_OBJECT_CONVERSION = YES_AGGRESSIVE;
				CLANG_CXX_LANGUAGE_STANDARD = "gnu++14";
				CLANG_CXX_LIBRARY = "libc++";
				CLANG_ENABLE_MODULES = YES;
				CLANG_ENABLE_OBJC_ARC = YES;
				CLANG_ENABLE_OBJC_WEAK = YES;
				CLANG_WARN_BLOCK_CAPTURE_AUTORELEASING = YES;
				CLANG_WARN_BOOL_CONVERSION = YES;
				CLANG_WARN_COMMA = YES;
				CLANG_WARN_CONSTANT_CONVERSION = YES;
				CLANG_WARN_DEPRECATED_OBJC_IMPLEMENTATIONS = YES;
				CLANG_WARN_DIRECT_OBJC_ISA_USAGE = YES_ERROR;
				CLANG_WARN_DOCUMENTATION_COMMENTS = YES;
				CLANG_WARN_EMPTY_BODY = YES;
				CLANG_WARN_ENUM_CONVERSION = YES;
				CLANG_WARN_INFINITE_RECURSION = YES;
				CLANG_WARN_INT_CONVERSION = YES;
				CLANG_WARN_NON_LITERAL_NULL_CONVERSION = YES;
				CLANG_WARN_OBJC_IMPLICIT_RETAIN_SELF = YES;
				CLANG_WARN_OBJC_LITERAL_CONVERSION = YES;
				CLANG_WARN_OBJC_ROOT_CLASS = YES_ERROR;
				CLANG_WARN_QUOTED_INCLUDE_IN_FRAMEWORK_HEADER = YES;
				CLANG_WARN_RANGE_LOOP_ANALYSIS = YES;
				CLANG_WARN_STRICT_PROTOTYPES = YES;
				CLANG_WARN_SUSPICIOUS_MOVE = YES;
				CLANG_WARN_UNGUARDED_AVAILABILITY = YES_AGGRESSIVE;
				CLANG_WARN_UNREACHABLE_CODE = YES;
				CLANG_WARN__DUPLICATE_METHOD_MATCH = YES;
				COPY_PHASE_STRIP = NO;
				DEBUG_INFORMATION_FORMAT = "dwarf-with-dsym";
				ENABLE_NS_ASSERTIONS = NO;
				ENABLE_STRICT_OBJC_MSGSEND = YES;
				GCC_C_LANGUAGE_STANDARD = gnu11;
				GCC_NO_COMMON_BLOCKS = YES;
				GCC_WARN_64_TO_32_BIT_CONVERSION = YES;
				GCC_WARN_ABOUT_RETURN_TYPE = YES_ERROR;
				GCC_WARN_UNDECLARED_SELECTOR = YES;
				GCC_WARN_UNINITIALIZED_AUTOS = YES_AGGRESSIVE;
				GCC_WARN_UNUSED_FUNCTION = YES;
				GCC_WARN_UNUSED_VARIABLE = YES;
				IPHONEOS_DEPLOYMENT_TARGET = 14.0;
				MTL_ENABLE_DEBUG_INFO = NO;
				MTL_FAST_MATH = YES;
				SDKROOT = iphoneos;
				VALIDATE_PRODUCT = YES;
			};
			name = Release;
		};
		C2F118EA25BCC92500985A44 /* Debug */ = {
			isa = XCBuildConfiguration;
			buildSettings = {
				ASSETCATALOG_COMPILER_APPICON_NAME = AppIcon;
				ASSETCATALOG_COMPILER_GLOBAL_ACCENT_COLOR_NAME = AccentColor;
				CODE_SIGN_STYLE = Automatic;
				DEVELOPMENT_TEAM = N77JVGT54D;
				INFOPLIST_FILE = TomorrowsApp/Info.plist;
				LD_RUNPATH_SEARCH_PATHS = (
					"$(inherited)",
					"@executable_path/Frameworks",
				);
				PRODUCT_BUNDLE_IDENTIFIER = com.deremakif.TomorrowsApp;
				PRODUCT_NAME = "$(TARGET_NAME)";
				TARGETED_DEVICE_FAMILY = "1,2";
			};
			name = Debug;
		};
		C2F118EB25BCC92500985A44 /* Release */ = {
			isa = XCBuildConfiguration;
			buildSettings = {
				ASSETCATALOG_COMPILER_APPICON_NAME = AppIcon;
				ASSETCATALOG_COMPILER_GLOBAL_ACCENT_COLOR_NAME = AccentColor;
				CODE_SIGN_STYLE = Automatic;
				DEVELOPMENT_TEAM = N77JVGT54D;
				INFOPLIST_FILE = TomorrowsApp/Info.plist;
				LD_RUNPATH_SEARCH_PATHS = (
					"$(inherited)",
					"@executable_path/Frameworks",
				);
				PRODUCT_BUNDLE_IDENTIFIER = com.deremakif.TomorrowsApp;
				PRODUCT_NAME = "$(TARGET_NAME)";
				TARGETED_DEVICE_FAMILY = "1,2";
			};
			name = Release;
		};
/* End XCBuildConfiguration section */

/* Begin XCConfigurationList section */
		C2F118CB25BCC92200985A44 /* Build configuration list for PBXProject "TomorrowsApp" */ = {
			isa = XCConfigurationList;
			buildConfigurations = (
				C2F118E725BCC92500985A44 /* Debug */,
				C2F118E825BCC92500985A44 /* Release */,
			);
			defaultConfigurationIsVisible = 0;
			defaultConfigurationName = Release;
		};
		C2F118E925BCC92500985A44 /* Build configuration list for PBXNativeTarget "TomorrowsApp" */ = {
			isa = XCConfigurationList;
			buildConfigurations = (
				C2F118EA25BCC92500985A44 /* Debug */,
				C2F118EB25BCC92500985A44 /* Release */,
			);
			defaultConfigurationIsVisible = 0;
			defaultConfigurationName = Release;
		};
/* End XCConfigurationList section */
	};
	rootObject = C2F118C825BCC92200985A44 /* Project object */;
}
